
Microsoft Visual Studio Solution File, Format Version 12.00
# Visual Studio Version 16
VisualStudioVersion = 16.0.30611.23
MinimumVisualStudioVersion = 10.0.40219.1
Project("{FAE04EC0-301F-11D3-BF4B-00C04F79EFBC}") = "HshlomResturant", "HshlomResturant\HshlomResturant.csproj", "{DA47686C-D8F0-4E83-BC24-90F5DE1BA24F}"
EndProject
Global
	GlobalSection(SolutionConfigurationPlatforms) = preSolution
		Debug|Any CPU = Debug|Any CPU
		Release|Any CPU = Release|Any CPU
	EndGlobalSection
	GlobalSection(ProjectConfigurationPlatforms) = postSolution
		{DA47686C-D8F0-4E83-BC24-90F5DE1BA24F}.Debug|Any CPU.ActiveCfg = Debug|Any CPU
		{DA47686C-D8F0-4E83-BC24-90F5DE1BA24F}.Debug|Any CPU.Build.0 = Debug|Any CPU
		{DA47686C-D8F0-4E83-BC24-90F5DE1BA24F}.Release|Any CPU.ActiveCfg = Release|Any CPU
		{DA47686C-D8F0-4E83-BC24-90F5DE1BA24F}.Release|Any CPU.Build.0 = Release|Any CPU
	EndGlobalSection
	GlobalSection(SolutionProperties) = preSolution
		HideSolutionNode = FALSE
	EndGlobalSection
	GlobalSection(ExtensibilityGlobals) = postSolution
		SolutionGuid = {E2583C75-B0B2-4F91-8DF8-D593C1EDB690}
	EndGlobalSection
EndGlobal
